
Microsoft Visual Studio Solution File, Format Version 12.00
# Visual Studio Version 17
VisualStudioVersion = 17.0.31903.59
MinimumVisualStudioVersion = 10.0.40219.1
Project("{FAE04EC0-301F-11D3-BF4B-00C04F79EFBC}") = "SimpleApp.Api", "SimpleApp.Api\SimpleApp.Api.csproj", "{D5FB75E7-FD0E-4898-ABFB-C646DD18BA34}"
EndProject
Project("{FAE04EC0-301F-11D3-BF4B-00C04F79EFBC}") = "SimpleApp.Services", "SimpleApp.Services\SimpleApp.Services.csproj", "{A38982D8-A93C-417C-8068-A623D7F62C4E}"
EndProject
Project("{FAE04EC0-301F-11D3-BF4B-00C04F79EFBC}") = "SimpleApp.Tests", "SimpleApp.Tests\SimpleApp.Tests.csproj", "{CC61C156-60C1-4F0A-BB4B-177CF0ADE29C}"
EndProject
Global
	GlobalSection(SolutionConfigurationPlatforms) = preSolution
		Debug|Any CPU = Debug|Any CPU
		Release|Any CPU = Release|Any CPU
	EndGlobalSection
	GlobalSection(SolutionProperties) = preSolution
		HideSolutionNode = FALSE
	EndGlobalSection
	GlobalSection(ProjectConfigurationPlatforms) = postSolution
		{D5FB75E7-FD0E-4898-ABFB-C646DD18BA34}.Debug|Any CPU.ActiveCfg = Debug|Any CPU
		{D5FB75E7-FD0E-4898-ABFB-C646DD18BA34}.Debug|Any CPU.Build.0 = Debug|Any CPU
		{D5FB75E7-FD0E-4898-ABFB-C646DD18BA34}.Release|Any CPU.ActiveCfg = Release|Any CPU
		{D5FB75E7-FD0E-4898-ABFB-C646DD18BA34}.Release|Any CPU.Build.0 = Release|Any CPU
		{A38982D8-A93C-417C-8068-A623D7F62C4E}.Debug|Any CPU.ActiveCfg = Debug|Any CPU
		{A38982D8-A93C-417C-8068-A623D7F62C4E}.Debug|Any CPU.Build.0 = Debug|Any CPU
		{A38982D8-A93C-417C-8068-A623D7F62C4E}.Release|Any CPU.ActiveCfg = Release|Any CPU
		{A38982D8-A93C-417C-8068-A623D7F62C4E}.Release|Any CPU.Build.0 = Release|Any CPU
		{CC61C156-60C1-4F0A-BB4B-177CF0ADE29C}.Debug|Any CPU.ActiveCfg = Debug|Any CPU
		{CC61C156-60C1-4F0A-BB4B-177CF0ADE29C}.Debug|Any CPU.Build.0 = Debug|Any CPU
		{CC61C156-60C1-4F0A-BB4B-177CF0ADE29C}.Release|Any CPU.ActiveCfg = Release|Any CPU
		{CC61C156-60C1-4F0A-BB4B-177CF0ADE29C}.Release|Any CPU.Build.0 = Release|Any CPU
	EndGlobalSection
EndGlobal
